github.com/uu64/gpl-book v0.0.0-20210901152609-d92f20280387 h1:TIVFKdci65BIy99TVbaD7s3qGC9ZD3DvwJnvdYtDFZM=
github.com/uu64/gpl-book/ch02/ex01/tempconv v0.0.0-20210902135622-8888f265f4c4 h1:8bRdmOplMkZv01bW82wWr16TFniPutOpSb6eXIskMh4=
github.com/uu64/gpl-book/ch02/ex01/tempconv v0.0.0-20210902135622-8888f265f4c4/go.mod h1:LLPT/GiOiA+wNAly26lNkpjqN14OkkTzvcf0+KUlslQ=
